
Microsoft Visual Studio Solution File, Format Version 12.00
# Visual Studio Version 17
VisualStudioVersion = 17.9.34723.18
MinimumVisualStudioVersion = 10.0.40219.1
Project("{2150E333-8FDC-42A3-9474-1A3956D46DE8}") = "Services", "Services", "{E02FC529-A9D2-4D9C-B789-0C765640E378}"
EndProject
Project("{2150E333-8FDC-42A3-9474-1A3956D46DE8}") = "Logistic", "Logistic", "{ADCB7629-6B09-4E6C-95EC-247992E65BAB}"
EndProject
Project("{2150E333-8FDC-42A3-9474-1A3956D46DE8}") = "Products", "Products", "{3D70A103-EF73-44DB-82AD-383B5C4E03EF}"
EndProject
Project("{2150E333-8FDC-42A3-9474-1A3956D46DE8}") = "Users", "Users", "{40BA5692-F03D-452A-86EA-F3616C3856EC}"
EndProject
Project("{9A19103F-16F7-4668-BE54-9A1E7A4F7556}") = "PetStore.Products.API", "PetStore.Product.API.Logick\PetStore.Products.API.csproj", "{721E33AB-DAC8-4817-942E-3493B4C20F31}"
EndProject
Project("{9A19103F-16F7-4668-BE54-9A1E7A4F7556}") = "PetStore.Products.DAL", "PetStore.Product.DAL\PetStore.Products.DAL.csproj", "{0F27C511-72C4-4FA2-B4A4-4ECDA5B4B065}"
EndProject
Project("{9A19103F-16F7-4668-BE54-9A1E7A4F7556}") = "PetStore.Products.Domain", "PetStore.Product.Domain\PetStore.Products.Domain.csproj", "{6F2C1C6C-3A81-4B38-876A-1A53166D8BDD}"
EndProject
Project("{9A19103F-16F7-4668-BE54-9A1E7A4F7556}") = "PetStore.Products.Application", "PetStore.Product.Application\PetStore.Products.Application.csproj", "{E06B6196-6094-4FB6-B185-9192B5DB0FAF}"
EndProject
Project("{9A19103F-16F7-4668-BE54-9A1E7A4F7556}") = "PetStore.Users.API", "PetStore.User.API\PetStore.Users.API.csproj", "{0ABF3982-7335-45DF-847E-E43D2F6BCC08}"
EndProject
Project("{9A19103F-16F7-4668-BE54-9A1E7A4F7556}") = "PetStore.Users.DAL", "PetStore.User.DAL\PetStore.Users.DAL.csproj", "{527C4719-AA5A-44FB-80FB-5D0F66101548}"
EndProject
Project("{9A19103F-16F7-4668-BE54-9A1E7A4F7556}") = "PetStore.Users.Application", "PetStore.User.Application\PetStore.Users.Application.csproj", "{A26C849B-0129-4846-981D-EDC90AE0150A}"
EndProject
Project("{9A19103F-16F7-4668-BE54-9A1E7A4F7556}") = "PetStore.Users.Domain", "PetStore.User.Domain\PetStore.Users.Domain.csproj", "{1649E539-2468-4234-A52F-19C3B2630480}"
EndProject
Project("{9A19103F-16F7-4668-BE54-9A1E7A4F7556}") = "PetStore.Logistic", "PetStore.Logistic\PetStore.Logistic.csproj", "{BF3D45E6-8550-45AD-AE36-5D0B51983966}"
EndProject
Project("{2150E333-8FDC-42A3-9474-1A3956D46DE8}") = "Markets", "Markets", "{1ECA6D48-B12D-4970-BB12-E0E4B7E34019}"
EndProject
Project("{9A19103F-16F7-4668-BE54-9A1E7A4F7556}") = "PetStore.Markets.Domain", "PetStore.Markets.Domain\PetStore.Markets.Domain.csproj", "{1364E655-F4E2-4E63-9957-3A1B72D1740C}"
EndProject
Project("{9A19103F-16F7-4668-BE54-9A1E7A4F7556}") = "PetStore.Products.Tests", "PetStore.Products.Tests\PetStore.Products.Tests.csproj", "{3851B121-00FF-41E6-ABED-3FCA4E2D7D7C}"
EndProject
Project("{9A19103F-16F7-4668-BE54-9A1E7A4F7556}") = "PetStore.Users.Consumer", "PetStore.User.Consumer\PetStore.Users.Consumer.csproj", "{1D0EDB3D-723E-4CE2-B494-E7648EECA39B}"
EndProject
Project("{9A19103F-16F7-4668-BE54-9A1E7A4F7556}") = "PetStore.Users.Producer", "PetStore.User.Producer\PetStore.Users.Producer.csproj", "{FC639EF7-E9F6-4F9B-A199-9FC68A904F0A}"
EndProject
Project("{9A19103F-16F7-4668-BE54-9A1E7A4F7556}") = "PetStore.Users.Tests", "PetStore.User.Tests\PetStore.Users.Tests.csproj", "{D0B5FF98-3261-43F1-A955-73CD015C672A}"
EndProject
Project("{2150E333-8FDC-42A3-9474-1A3956D46DE8}") = "Core", "Core", "{121075FF-D28D-402A-A7ED-742A88D0E794}"
EndProject
Project("{2150E333-8FDC-42A3-9474-1A3956D46DE8}") = "Infrastructure", "Infrastructure", "{FABBCBC5-CC70-4369-BC28-D88C8ED21A55}"
EndProject
Project("{2150E333-8FDC-42A3-9474-1A3956D46DE8}") = "Presentation", "Presentation", "{490D861C-C055-4A0D-986B-44086F3D2425}"
EndProject
Project("{2150E333-8FDC-42A3-9474-1A3956D46DE8}") = "Tests", "Tests", "{71316C3C-66DB-478B-9EA5-FDBF7D42A12E}"
EndProject
Project("{2150E333-8FDC-42A3-9474-1A3956D46DE8}") = "Core", "Core", "{C8FBB570-CF65-46C4-B9FD-FAF4DD463FE7}"
EndProject
Project("{2150E333-8FDC-42A3-9474-1A3956D46DE8}") = "Infrastructure", "Infrastructure", "{658F5BEB-308B-4650-B3AD-FB7F914BDE28}"
EndProject
Project("{2150E333-8FDC-42A3-9474-1A3956D46DE8}") = "Presentation", "Presentation", "{95BBA559-1B47-45CF-B6AB-DC63469B2F53}"
EndProject
Project("{2150E333-8FDC-42A3-9474-1A3956D46DE8}") = "Tests", "Tests", "{6697419D-9993-4530-A49D-CCA025F8DFE2}"
EndProject
Project("{9A19103F-16F7-4668-BE54-9A1E7A4F7556}") = "PetStore.Markets.Test", "PetStore.Markets.Test\PetStore.Markets.Test.csproj", "{1751835E-3EF4-4ED8-BF34-F710A83C9921}"
EndProject
Project("{9A19103F-16F7-4668-BE54-9A1E7A4F7556}") = "PetStore.Markets.API", "PertStore.Markets.API\PetStore.Markets.API.csproj", "{4A249A4E-7EF4-4F69-BEDD-4E436F879B6E}"
EndProject
Project("{9A19103F-16F7-4668-BE54-9A1E7A4F7556}") = "PetStore.Markets.Application", "PetStore.Market.Application\PetStore.Markets.Application.csproj", "{C5AB1CF9-752E-4680-BAAA-E4820E955D57}"
EndProject
Project("{9A19103F-16F7-4668-BE54-9A1E7A4F7556}") = "PetStore.Markets.DAL", "PetStore.Markets.DAL\PetStore.Markets.DAL.csproj", "{B922F7EB-1EFA-4372-B96C-3BF48B1F58CF}"
EndProject
Project("{2150E333-8FDC-42A3-9474-1A3956D46DE8}") = "Tests", "Tests", "{297DD1FA-9CC2-4C2E-9174-0B898823F2B6}"
EndProject
Project("{2150E333-8FDC-42A3-9474-1A3956D46DE8}") = "Core", "Core", "{72E4F580-DF62-4BCD-8D98-156D6D6239B0}"
EndProject
Project("{2150E333-8FDC-42A3-9474-1A3956D46DE8}") = "Presentation", "Presentation", "{B6ECE761-6E7D-417F-BA2A-6922B1B562EF}"
EndProject
Project("{2150E333-8FDC-42A3-9474-1A3956D46DE8}") = "Infrastructure", "Infrastructure", "{2BEEBA37-FF1C-4A01-95AF-0805A2907661}"
EndProject
Project("{9A19103F-16F7-4668-BE54-9A1E7A4F7556}") = "PetStore.Markets.Consumer", "PetStore.Market.Consumer\PetStore.Markets.Consumer.csproj", "{FCFCBBC7-FC9C-4769-813E-3F322137243B}"
EndProject
Project("{9A19103F-16F7-4668-BE54-9A1E7A4F7556}") = "PetStore.Markets.Producer", "PetStore.Market.Producer\PetStore.Markets.Producer.csproj", "{208E953B-8A6F-4A91-B042-89A515209AAE}"
EndProject
Project("{9A19103F-16F7-4668-BE54-9A1E7A4F7556}") = "PetStore.Products.Consumer", "PetStore.Products.Consumer\PetStore.Products.Consumer.csproj", "{A4D05A94-7F15-481C-9AFB-1D11293EE09C}"
EndProject
Project("{9A19103F-16F7-4668-BE54-9A1E7A4F7556}") = "PetStore.Products.Producer", "Petstore.Products.Producer\PetStore.Products.Producer.csproj", "{FD55E38C-3D6A-4F80-9839-1F985579A7BD}"
EndProject
Global
	GlobalSection(SolutionConfigurationPlatforms) = preSolution
		Debug|Any CPU = Debug|Any CPU
		Release|Any CPU = Release|Any CPU
	EndGlobalSection
	GlobalSection(ProjectConfigurationPlatforms) = postSolution
		{721E33AB-DAC8-4817-942E-3493B4C20F31}.Debug|Any CPU.ActiveCfg = Debug|Any CPU
		{721E33AB-DAC8-4817-942E-3493B4C20F31}.Debug|Any CPU.Build.0 = Debug|Any CPU
		{721E33AB-DAC8-4817-942E-3493B4C20F31}.Release|Any CPU.ActiveCfg = Release|Any CPU
		{721E33AB-DAC8-4817-942E-3493B4C20F31}.Release|Any CPU.Build.0 = Release|Any CPU
		{0F27C511-72C4-4FA2-B4A4-4ECDA5B4B065}.Debug|Any CPU.ActiveCfg = Debug|Any CPU
		{0F27C511-72C4-4FA2-B4A4-4ECDA5B4B065}.Debug|Any CPU.Build.0 = Debug|Any CPU
		{0F27C511-72C4-4FA2-B4A4-4ECDA5B4B065}.Release|Any CPU.ActiveCfg = Release|Any CPU
		{0F27C511-72C4-4FA2-B4A4-4ECDA5B4B065}.Release|Any CPU.Build.0 = Release|Any CPU
		{6F2C1C6C-3A81-4B38-876A-1A53166D8BDD}.Debug|Any CPU.ActiveCfg = Debug|Any CPU
		{6F2C1C6C-3A81-4B38-876A-1A53166D8BDD}.Debug|Any CPU.Build.0 = Debug|Any CPU
		{6F2C1C6C-3A81-4B38-876A-1A53166D8BDD}.Release|Any CPU.ActiveCfg = Release|Any CPU
		{6F2C1C6C-3A81-4B38-876A-1A53166D8BDD}.Release|Any CPU.Build.0 = Release|Any CPU
		{E06B6196-6094-4FB6-B185-9192B5DB0FAF}.Debug|Any CPU.ActiveCfg = Debug|Any CPU
		{E06B6196-6094-4FB6-B185-9192B5DB0FAF}.Debug|Any CPU.Build.0 = Debug|Any CPU
		{E06B6196-6094-4FB6-B185-9192B5DB0FAF}.Release|Any CPU.ActiveCfg = Release|Any CPU
		{E06B6196-6094-4FB6-B185-9192B5DB0FAF}.Release|Any CPU.Build.0 = Release|Any CPU
		{0ABF3982-7335-45DF-847E-E43D2F6BCC08}.Debug|Any CPU.ActiveCfg = Debug|Any CPU
		{0ABF3982-7335-45DF-847E-E43D2F6BCC08}.Debug|Any CPU.Build.0 = Debug|Any CPU
		{0ABF3982-7335-45DF-847E-E43D2F6BCC08}.Release|Any CPU.ActiveCfg = Release|Any CPU
		{0ABF3982-7335-45DF-847E-E43D2F6BCC08}.Release|Any CPU.Build.0 = Release|Any CPU
		{527C4719-AA5A-44FB-80FB-5D0F66101548}.Debug|Any CPU.ActiveCfg = Debug|Any CPU
		{527C4719-AA5A-44FB-80FB-5D0F66101548}.Debug|Any CPU.Build.0 = Debug|Any CPU
		{527C4719-AA5A-44FB-80FB-5D0F66101548}.Release|Any CPU.ActiveCfg = Release|Any CPU
		{527C4719-AA5A-44FB-80FB-5D0F66101548}.Release|Any CPU.Build.0 = Release|Any CPU
		{A26C849B-0129-4846-981D-EDC90AE0150A}.Debug|Any CPU.ActiveCfg = Debug|Any CPU
		{A26C849B-0129-4846-981D-EDC90AE0150A}.Debug|Any CPU.Build.0 = Debug|Any CPU
		{A26C849B-0129-4846-981D-EDC90AE0150A}.Release|Any CPU.ActiveCfg = Release|Any CPU
		{A26C849B-0129-4846-981D-EDC90AE0150A}.Release|Any CPU.Build.0 = Release|Any CPU
		{1649E539-2468-4234-A52F-19C3B2630480}.Debug|Any CPU.ActiveCfg = Debug|Any CPU
		{1649E539-2468-4234-A52F-19C3B2630480}.Debug|Any CPU.Build.0 = Debug|Any CPU
		{1649E539-2468-4234-A52F-19C3B2630480}.Release|Any CPU.ActiveCfg = Release|Any CPU
		{1649E539-2468-4234-A52F-19C3B2630480}.Release|Any CPU.Build.0 = Release|Any CPU
		{BF3D45E6-8550-45AD-AE36-5D0B51983966}.Debug|Any CPU.ActiveCfg = Debug|Any CPU
		{BF3D45E6-8550-45AD-AE36-5D0B51983966}.Debug|Any CPU.Build.0 = Debug|Any CPU
		{BF3D45E6-8550-45AD-AE36-5D0B51983966}.Release|Any CPU.ActiveCfg = Release|Any CPU
		{BF3D45E6-8550-45AD-AE36-5D0B51983966}.Release|Any CPU.Build.0 = Release|Any CPU
		{1364E655-F4E2-4E63-9957-3A1B72D1740C}.Debug|Any CPU.ActiveCfg = Debug|Any CPU
		{1364E655-F4E2-4E63-9957-3A1B72D1740C}.Debug|Any CPU.Build.0 = Debug|Any CPU
		{1364E655-F4E2-4E63-9957-3A1B72D1740C}.Release|Any CPU.ActiveCfg = Release|Any CPU
		{1364E655-F4E2-4E63-9957-3A1B72D1740C}.Release|Any CPU.Build.0 = Release|Any CPU
		{3851B121-00FF-41E6-ABED-3FCA4E2D7D7C}.Debug|Any CPU.ActiveCfg = Debug|Any CPU
		{3851B121-00FF-41E6-ABED-3FCA4E2D7D7C}.Debug|Any CPU.Build.0 = Debug|Any CPU
		{3851B121-00FF-41E6-ABED-3FCA4E2D7D7C}.Release|Any CPU.ActiveCfg = Release|Any CPU
		{3851B121-00FF-41E6-ABED-3FCA4E2D7D7C}.Release|Any CPU.Build.0 = Release|Any CPU
		{1D0EDB3D-723E-4CE2-B494-E7648EECA39B}.Debug|Any CPU.ActiveCfg = Debug|Any CPU
		{1D0EDB3D-723E-4CE2-B494-E7648EECA39B}.Debug|Any CPU.Build.0 = Debug|Any CPU
		{1D0EDB3D-723E-4CE2-B494-E7648EECA39B}.Release|Any CPU.ActiveCfg = Release|Any CPU
		{1D0EDB3D-723E-4CE2-B494-E7648EECA39B}.Release|Any CPU.Build.0 = Release|Any CPU
		{FC639EF7-E9F6-4F9B-A199-9FC68A904F0A}.Debug|Any CPU.ActiveCfg = Debug|Any CPU
		{FC639EF7-E9F6-4F9B-A199-9FC68A904F0A}.Debug|Any CPU.Build.0 = Debug|Any CPU
		{FC639EF7-E9F6-4F9B-A199-9FC68A904F0A}.Release|Any CPU.ActiveCfg = Release|Any CPU
		{FC639EF7-E9F6-4F9B-A199-9FC68A904F0A}.Release|Any CPU.Build.0 = Release|Any CPU
		{D0B5FF98-3261-43F1-A955-73CD015C672A}.Debug|Any CPU.ActiveCfg = Debug|Any CPU
		{D0B5FF98-3261-43F1-A955-73CD015C672A}.Debug|Any CPU.Build.0 = Debug|Any CPU
		{D0B5FF98-3261-43F1-A955-73CD015C672A}.Release|Any CPU.ActiveCfg = Release|Any CPU
		{D0B5FF98-3261-43F1-A955-73CD015C672A}.Release|Any CPU.Build.0 = Release|Any CPU
		{1751835E-3EF4-4ED8-BF34-F710A83C9921}.Debug|Any CPU.ActiveCfg = Debug|Any CPU
		{1751835E-3EF4-4ED8-BF34-F710A83C9921}.Debug|Any CPU.Build.0 = Debug|Any CPU
		{1751835E-3EF4-4ED8-BF34-F710A83C9921}.Release|Any CPU.ActiveCfg = Release|Any CPU
		{1751835E-3EF4-4ED8-BF34-F710A83C9921}.Release|Any CPU.Build.0 = Release|Any CPU
		{4A249A4E-7EF4-4F69-BEDD-4E436F879B6E}.Debug|Any CPU.ActiveCfg = Debug|Any CPU
		{4A249A4E-7EF4-4F69-BEDD-4E436F879B6E}.Debug|Any CPU.Build.0 = Debug|Any CPU
		{4A249A4E-7EF4-4F69-BEDD-4E436F879B6E}.Release|Any CPU.ActiveCfg = Release|Any CPU
		{4A249A4E-7EF4-4F69-BEDD-4E436F879B6E}.Release|Any CPU.Build.0 = Release|Any CPU
		{C5AB1CF9-752E-4680-BAAA-E4820E955D57}.Debug|Any CPU.ActiveCfg = Debug|Any CPU
		{C5AB1CF9-752E-4680-BAAA-E4820E955D57}.Debug|Any CPU.Build.0 = Debug|Any CPU
		{C5AB1CF9-752E-4680-BAAA-E4820E955D57}.Release|Any CPU.ActiveCfg = Release|Any CPU
		{C5AB1CF9-752E-4680-BAAA-E4820E955D57}.Release|Any CPU.Build.0 = Release|Any CPU
		{B922F7EB-1EFA-4372-B96C-3BF48B1F58CF}.Debug|Any CPU.ActiveCfg = Debug|Any CPU
		{B922F7EB-1EFA-4372-B96C-3BF48B1F58CF}.Debug|Any CPU.Build.0 = Debug|Any CPU
		{B922F7EB-1EFA-4372-B96C-3BF48B1F58CF}.Release|Any CPU.ActiveCfg = Release|Any CPU
		{B922F7EB-1EFA-4372-B96C-3BF48B1F58CF}.Release|Any CPU.Build.0 = Release|Any CPU
		{FCFCBBC7-FC9C-4769-813E-3F322137243B}.Debug|Any CPU.ActiveCfg = Debug|Any CPU
		{FCFCBBC7-FC9C-4769-813E-3F322137243B}.Debug|Any CPU.Build.0 = Debug|Any CPU
		{FCFCBBC7-FC9C-4769-813E-3F322137243B}.Release|Any CPU.ActiveCfg = Release|Any CPU
		{FCFCBBC7-FC9C-4769-813E-3F322137243B}.Release|Any CPU.Build.0 = Release|Any CPU
		{208E953B-8A6F-4A91-B042-89A515209AAE}.Debug|Any CPU.ActiveCfg = Debug|Any CPU
		{208E953B-8A6F-4A91-B042-89A515209AAE}.Debug|Any CPU.Build.0 = Debug|Any CPU
		{208E953B-8A6F-4A91-B042-89A515209AAE}.Release|Any CPU.ActiveCfg = Release|Any CPU
		{208E953B-8A6F-4A91-B042-89A515209AAE}.Release|Any CPU.Build.0 = Release|Any CPU
		{A4D05A94-7F15-481C-9AFB-1D11293EE09C}.Debug|Any CPU.ActiveCfg = Debug|Any CPU
		{A4D05A94-7F15-481C-9AFB-1D11293EE09C}.Debug|Any CPU.Build.0 = Debug|Any CPU
		{A4D05A94-7F15-481C-9AFB-1D11293EE09C}.Release|Any CPU.ActiveCfg = Release|Any CPU
		{A4D05A94-7F15-481C-9AFB-1D11293EE09C}.Release|Any CPU.Build.0 = Release|Any CPU
		{FD55E38C-3D6A-4F80-9839-1F985579A7BD}.Debug|Any CPU.ActiveCfg = Debug|Any CPU
		{FD55E38C-3D6A-4F80-9839-1F985579A7BD}.Debug|Any CPU.Build.0 = Debug|Any CPU
		{FD55E38C-3D6A-4F80-9839-1F985579A7BD}.Release|Any CPU.ActiveCfg = Release|Any CPU
		{FD55E38C-3D6A-4F80-9839-1F985579A7BD}.Release|Any CPU.Build.0 = Release|Any CPU
	EndGlobalSection
	GlobalSection(SolutionProperties) = preSolution
		HideSolutionNode = FALSE
	EndGlobalSection
	GlobalSection(NestedProjects) = preSolution
		{3D70A103-EF73-44DB-82AD-383B5C4E03EF} = {E02FC529-A9D2-4D9C-B789-0C765640E378}
		{40BA5692-F03D-452A-86EA-F3616C3856EC} = {E02FC529-A9D2-4D9C-B789-0C765640E378}
		{721E33AB-DAC8-4817-942E-3493B4C20F31} = {95BBA559-1B47-45CF-B6AB-DC63469B2F53}
		{0F27C511-72C4-4FA2-B4A4-4ECDA5B4B065} = {658F5BEB-308B-4650-B3AD-FB7F914BDE28}
		{6F2C1C6C-3A81-4B38-876A-1A53166D8BDD} = {C8FBB570-CF65-46C4-B9FD-FAF4DD463FE7}
		{E06B6196-6094-4FB6-B185-9192B5DB0FAF} = {C8FBB570-CF65-46C4-B9FD-FAF4DD463FE7}
		{0ABF3982-7335-45DF-847E-E43D2F6BCC08} = {490D861C-C055-4A0D-986B-44086F3D2425}
		{527C4719-AA5A-44FB-80FB-5D0F66101548} = {FABBCBC5-CC70-4369-BC28-D88C8ED21A55}
		{A26C849B-0129-4846-981D-EDC90AE0150A} = {121075FF-D28D-402A-A7ED-742A88D0E794}
		{1649E539-2468-4234-A52F-19C3B2630480} = {121075FF-D28D-402A-A7ED-742A88D0E794}
		{BF3D45E6-8550-45AD-AE36-5D0B51983966} = {ADCB7629-6B09-4E6C-95EC-247992E65BAB}
		{1ECA6D48-B12D-4970-BB12-E0E4B7E34019} = {E02FC529-A9D2-4D9C-B789-0C765640E378}
		{1364E655-F4E2-4E63-9957-3A1B72D1740C} = {72E4F580-DF62-4BCD-8D98-156D6D6239B0}
		{3851B121-00FF-41E6-ABED-3FCA4E2D7D7C} = {6697419D-9993-4530-A49D-CCA025F8DFE2}
		{1D0EDB3D-723E-4CE2-B494-E7648EECA39B} = {FABBCBC5-CC70-4369-BC28-D88C8ED21A55}
		{FC639EF7-E9F6-4F9B-A199-9FC68A904F0A} = {FABBCBC5-CC70-4369-BC28-D88C8ED21A55}
		{D0B5FF98-3261-43F1-A955-73CD015C672A} = {71316C3C-66DB-478B-9EA5-FDBF7D42A12E}
		{121075FF-D28D-402A-A7ED-742A88D0E794} = {40BA5692-F03D-452A-86EA-F3616C3856EC}
		{FABBCBC5-CC70-4369-BC28-D88C8ED21A55} = {40BA5692-F03D-452A-86EA-F3616C3856EC}
		{490D861C-C055-4A0D-986B-44086F3D2425} = {40BA5692-F03D-452A-86EA-F3616C3856EC}
		{71316C3C-66DB-478B-9EA5-FDBF7D42A12E} = {40BA5692-F03D-452A-86EA-F3616C3856EC}
		{C8FBB570-CF65-46C4-B9FD-FAF4DD463FE7} = {3D70A103-EF73-44DB-82AD-383B5C4E03EF}
		{658F5BEB-308B-4650-B3AD-FB7F914BDE28} = {3D70A103-EF73-44DB-82AD-383B5C4E03EF}
		{95BBA559-1B47-45CF-B6AB-DC63469B2F53} = {3D70A103-EF73-44DB-82AD-383B5C4E03EF}
		{6697419D-9993-4530-A49D-CCA025F8DFE2} = {3D70A103-EF73-44DB-82AD-383B5C4E03EF}
		{1751835E-3EF4-4ED8-BF34-F710A83C9921} = {297DD1FA-9CC2-4C2E-9174-0B898823F2B6}
		{4A249A4E-7EF4-4F69-BEDD-4E436F879B6E} = {B6ECE761-6E7D-417F-BA2A-6922B1B562EF}
		{C5AB1CF9-752E-4680-BAAA-E4820E955D57} = {72E4F580-DF62-4BCD-8D98-156D6D6239B0}
		{B922F7EB-1EFA-4372-B96C-3BF48B1F58CF} = {2BEEBA37-FF1C-4A01-95AF-0805A2907661}
		{297DD1FA-9CC2-4C2E-9174-0B898823F2B6} = {1ECA6D48-B12D-4970-BB12-E0E4B7E34019}
		{72E4F580-DF62-4BCD-8D98-156D6D6239B0} = {1ECA6D48-B12D-4970-BB12-E0E4B7E34019}
		{B6ECE761-6E7D-417F-BA2A-6922B1B562EF} = {1ECA6D48-B12D-4970-BB12-E0E4B7E34019}
		{2BEEBA37-FF1C-4A01-95AF-0805A2907661} = {1ECA6D48-B12D-4970-BB12-E0E4B7E34019}
		{FCFCBBC7-FC9C-4769-813E-3F322137243B} = {2BEEBA37-FF1C-4A01-95AF-0805A2907661}
		{208E953B-8A6F-4A91-B042-89A515209AAE} = {2BEEBA37-FF1C-4A01-95AF-0805A2907661}
		{A4D05A94-7F15-481C-9AFB-1D11293EE09C} = {658F5BEB-308B-4650-B3AD-FB7F914BDE28}
		{FD55E38C-3D6A-4F80-9839-1F985579A7BD} = {658F5BEB-308B-4650-B3AD-FB7F914BDE28}
	EndGlobalSection
	GlobalSection(ExtensibilityGlobals) = postSolution
		SolutionGuid = {AE60A39A-AB34-4C7F-A161-CB90ECC7F2EB}
	EndGlobalSection
EndGlobal
